# Auto-generated by 'update'. Do not edit manually.
tools:
    charts-build-scripts:
        resolved_version: v1.9.32
        resolved_at: 2026-09-02T20:08:21.221078Z
        checksums:
            linux/amd64: b2c2a403cc8b2601371927062a3052e168f505e2e71bf5f29a7614d2b4c872fb
            linux/arm64: 38b76ef048466b01443f5eb302c3101c3f6da0485782e5c21eee0f1ab0b7fa78
    ob-charts-tool:
        resolved_version: v0.6.1
        resolved_at: 2026-07-10T22:28:43.949996Z
        checksums:
            linux/amd64: 97790ca4c54de2ccf9a729a36fec24d9c9fc2f9c0ece7520d175a6bb373099ce
            linux/arm64: 972e2ddb0b541c28a4de3ec801f1c385f099f9e79bc82d3e5a09bf69aa2fada8
    release:
        resolved_version: v0.77.1
        resolved_at: 2026-09-02T20:08:26.824739Z
        checksums:
            linux/amd64: 76c9ac6b65fe31915613e82909b980fdb8769dc1a3f88ba0950ed7f188418759
            linux/arm64: 3d0be6f81dd5ea08ecf25590a8f35edce757159d41dd039f877b3d4e3996329a
