# Auto-generated by 'update'. Do not edit manually.
tools:
    charts-build-scripts:
        resolved_version: v1.9.30
        resolved_at: 2026-08-26T13:54:30.879488Z
        checksums:
            linux/amd64: c274fbe8f983b9bad1ccd8c8de3619b7d39d1bf3bcbd7bdafb52eba3c936ef73
            linux/arm64: 6595ff112ae9b198b8915a9969fdd7ef4555775dd589d4d19572e4f15eda527a
    ecm-distro-tools-release:
        resolved_version: v0.77.0
        resolved_at: 2026-08-26T14:57:37.585373Z
        checksums:
            linux/amd64: 7693239454b946a9c8c949bdf775dd8255a49f93f30e65d14ce24b1da0facb7a
            linux/arm64: 5dbf70e505f1e85ecec342809e73aca7298de3874012eebac438c36920f001da
    ob-charts-tool:
        resolved_version: v0.6.1
        resolved_at: 2026-07-10T22:28:43.949996Z
        checksums:
            linux/amd64: 97790ca4c54de2ccf9a729a36fec24d9c9fc2f9c0ece7520d175a6bb373099ce
            linux/arm64: 972e2ddb0b541c28a4de3ec801f1c385f099f9e79bc82d3e5a09bf69aa2fada8
