# Auto-generated by 'update'. Do not edit manually.
tools:
    charts-build-scripts:
        resolved_version: v1.9.26
        resolved_at: 2026-07-10T22:17:24.46622Z
        checksums:
            linux/amd64: ecb90d1ba0ef367923eeddc6b912c2a55370a95192e3e4796b40d12ea51b36e0
            linux/arm64: 58aa0c5a2c41a67de607ccaf7b6741311b2a389c3d0de0406fea0953809372d7
    ob-charts-tool:
        resolved_version: v0.6.1
        resolved_at: 2026-07-10T22:28:43.949996Z
        checksums:
            linux/amd64: 97790ca4c54de2ccf9a729a36fec24d9c9fc2f9c0ece7520d175a6bb373099ce
            linux/arm64: 972e2ddb0b541c28a4de3ec801f1c385f099f9e79bc82d3e5a09bf69aa2fada8
