# images-lock.yaml — compiled image index generated by 'generate'.
# Records the active image names, universal packages, tool versions, and
# per-image configuration (base, platforms, image-specific packages, tools, aliases).
# Do not edit manually.
images:
    - go1.25
    - go1.26
    - python3.11
    - python3.13
    - node22
    - node24
    - charts
    - nix
packages:
    - gettext-runtime
    - ca-certificates
    - docker
    - gawk
    - git-core
    - gzip
    - jq
    - make
    - tar
    - unzip
    - zstd
    - wget
tools:
    charts-build-scripts: v1.9.26
    cosign: v3.0.6
    gh: v2.89.0
    golangci-lint: v2.11.4
    goreleaser: v2.15.2
    govulncheck: v1.2.0
    helmv3: v3.20.2
    helmv4: v4.1.4
    kubectl1.28: v1.28.15
    kubectl1.29: v1.29.10
    kubectl1.30: v1.30.6
    kubectl1.31: v1.31.2
    kuberlr: v0.7.0
    nix: 2.34.7
    ob-charts-tool: v0.6.1
    oras: v1.3.1
    slsactl: v0.1.30
    yq: v4.53.2
selectors:
    - helm
    - kubectl
scripts:
    ci-env-init:
        name: ci-env-init.sh
        checksum: b0df06214d9dcadb85ac433b2d285294
    ci-select:
        name: ci-select.sh
        checksum: 414dbb7ab4fb6d6224ed240f91dfb291
    select-helm:
        name: select-helm.sh
        checksum: 34decfcb65283e1e38e208eaa8de987f
    select-kubectl:
        name: select-kubectl.sh
        checksum: bd442fc901bfcb83e29efe41465813c5
hooks:
    nix:
        pre:
            name: nix-pre.tmpl
            checksum: 523b5a96366cae6a5ebe5f64d7df43b3
        post:
            name: nix-post.tmpl
            checksum: 3cc315f4364a4bdc66ae08273ab09270
configs:
    charts:
        base: registry.suse.com/bci/bci-base:15.7@sha256:daebf54bd4ab8b05e1e64597d8ea63b242605e936cff16460d0cfdb9716a896a
        platforms:
            - linux/amd64
            - linux/arm64
        packages:
            - git
            - patch
        tools:
            - charts-build-scripts
            - cosign
            - gh
            - golangci-lint
            - goreleaser
            - helmv3
            - helmv4
            - kubectl1.28
            - kubectl1.29
            - kubectl1.30
            - kubectl1.31
            - kuberlr
            - ob-charts-tool
            - oras
            - slsactl
            - yq
        family_selectors:
            helm: helmv4
            kubectl: kubectl1.31
        description: Rancher charts build environment
    go1.25:
        base: registry.suse.com/bci/golang:1.25.9@sha256:e0f9780dcbf40a3e16ccf2cf3217397ca789bf59d31bdb1174680d19dc1d1efc
        platforms:
            - linux/amd64
            - linux/arm64
        packages:
            - nodejs24
            - skopeo
        tools:
            - cosign
            - gh
            - golangci-lint
            - goreleaser
            - govulncheck
            - helmv3
            - helmv4
            - kubectl1.28
            - kubectl1.29
            - kubectl1.30
            - kubectl1.31
            - kuberlr
            - oras
            - slsactl
            - yq
        aliases:
            helm_v3: helmv3
        family_selectors:
            helm: helmv4
            kubectl: kubectl1.31
        go_version: 1.25.9
        description: CI image with Go 1.25 toolchain
    go1.26:
        base: registry.suse.com/bci/golang:1.26.5@sha256:43bdcd2392b479600c2686bdc4ab1237f35a905e57bf8a06e83d445ce7faaf92
        platforms:
            - linux/amd64
            - linux/arm64
        packages:
            - nodejs24
            - skopeo
        tools:
            - cosign
            - gh
            - golangci-lint
            - goreleaser
            - govulncheck
            - helmv3
            - helmv4
            - kubectl1.28
            - kubectl1.29
            - kubectl1.30
            - kubectl1.31
            - kuberlr
            - oras
            - slsactl
            - yq
        aliases:
            helm_v3: helmv3
        family_selectors:
            helm: helmv4
            kubectl: kubectl1.31
        go_version: 1.26.5
        description: CI image with Go 1.26 toolchain
    nix:
        base: registry.suse.com/bci/bci-base:15.7@sha256:daebf54bd4ab8b05e1e64597d8ea63b242605e936cff16460d0cfdb9716a896a
        platforms:
            - linux/amd64
            - linux/arm64
        packages:
            - sudo
            - vim
        tools:
            - cosign
            - gh
            - helmv3
            - helmv4
            - nix
            - slsactl
            - yq
        family_selectors:
            helm: helmv4
        description: Nix environment
    node22:
        base: registry.suse.com/bci/nodejs:22.22.2@sha256:20b413e009e142b69ed718a4989aceb62883b2331dfa7e1e87959df2cde41548
        platforms:
            - linux/amd64
            - linux/arm64
        tools:
            - cosign
            - gh
            - helmv3
            - helmv4
            - slsactl
            - yq
        family_selectors:
            helm: helmv4
        description: CI image with Node 22 toolchain
    node24:
        base: registry.suse.com/bci/nodejs:24.14.1@sha256:8e51b61efb267f13817162eaef5b511c8dd5c74cc014678d5a02f7c5ecc53f72
        platforms:
            - linux/amd64
            - linux/arm64
        tools:
            - cosign
            - gh
            - helmv3
            - helmv4
            - slsactl
            - yq
        family_selectors:
            helm: helmv4
        description: CI image with Node 24 toolchain
    python3.11:
        base: registry.suse.com/bci/python:3.11.15@sha256:994af1164325656fc5ef32d48d04f4299be7d3f6186d78173f7c0f9666189249
        platforms:
            - linux/amd64
            - linux/arm64
        tools:
            - cosign
            - gh
            - helmv3
            - helmv4
            - slsactl
            - yq
        family_selectors:
            helm: helmv4
        description: CI image with Python 3.11 toolchain
    python3.13:
        base: registry.suse.com/bci/python:3.13.13@sha256:dfb71232cbea7b0cf693c9b32678520e0f91f134cddc337ca3c615b89534b284
        platforms:
            - linux/amd64
            - linux/arm64
        tools:
            - cosign
            - gh
            - helmv3
            - helmv4
            - slsactl
            - yq
        family_selectors:
            helm: helmv4
        description: CI image with Python 3.13 toolchain
