# images-lock.yaml — compiled image index generated by 'generate'.
# Records the active image names, universal packages, tool versions, and
# per-image configuration (base, platforms, image-specific packages, tools, aliases).
# Do not edit manually.
images:
    - go1.25
    - go1.26
    - python3.11
    - python3.13
    - node22
    - node24
    - charts
    - nix
packages:
    - gettext-runtime
    - ca-certificates
    - docker
    - gawk
    - git-core
    - gzip
    - jq
    - make
    - tar
    - unzip
    - zstd
    - wget
tools:
    charts-build-scripts: v1.9.30
    cosign: v3.1.2
    ecm-distro-tools-release: v0.77.0
    gh: v2.96.0
    golangci-lint: v2.12.2
    goreleaser: v2.17.1
    govulncheck: v1.6.0
    helmv3: v3.21.3
    helmv4: v4.2.3
    kubectl1.28: v1.28.15
    kubectl1.29: v1.29.15
    kubectl1.30: v1.30.14
    kubectl1.31: v1.31.14
    kubectl1.32: v1.32.13
    kubectl1.33: v1.33.13
    kubectl1.34: v1.34.10
    kubectl1.35: v1.35.7
    kubectl1.36: v1.36.3
    kuberlr: v0.7.0
    nix: 2.35.1
    ob-charts-tool: v0.6.1
    oras: v1.3.3
    slsactl: v0.1.35
    yq: v4.53.3
selectors:
    - helm
    - kubectl
scripts:
    ci-env-init:
        name: ci-env-init.sh
        checksum: b0df06214d9dcadb85ac433b2d285294
    ci-select:
        name: ci-select.sh
        checksum: 414dbb7ab4fb6d6224ed240f91dfb291
    select-helm:
        name: select-helm.sh
        checksum: 34decfcb65283e1e38e208eaa8de987f
    select-kubectl:
        name: select-kubectl.sh
        checksum: bd442fc901bfcb83e29efe41465813c5
hooks:
    nix:
        pre:
            name: nix-pre.tmpl
            checksum: 523b5a96366cae6a5ebe5f64d7df43b3
        post:
            name: nix-post.tmpl
            checksum: 3cc315f4364a4bdc66ae08273ab09270
configs:
    charts:
        base: registry.suse.com/bci/bci-base:15.7@sha256:b03880998771ffd522e8808bc01a31098378f82e7c4552273e336de3742109f0
        platforms:
            - linux/amd64
            - linux/arm64
        packages:
            - git
            - patch
        tools:
            - charts-build-scripts
            - cosign
            - ecm-distro-tools-release
            - gh
            - golangci-lint
            - goreleaser
            - helmv3
            - helmv4
            - kubectl1.28
            - kubectl1.29
            - kubectl1.30
            - kubectl1.31
            - kubectl1.32
            - kubectl1.33
            - kubectl1.34
            - kubectl1.35
            - kubectl1.36
            - kuberlr
            - ob-charts-tool
            - oras
            - slsactl
            - yq
        family_selectors:
            helm: helmv4
            kubectl: kubectl1.36
        description: Rancher charts build environment
    go1.25:
        base: registry.suse.com/bci/golang:1.25.14@sha256:6c23d44a23bf4cf82beb297d94be4a46e1b578a36df8d83615820490ffac2af0
        platforms:
            - linux/amd64
            - linux/arm64
        packages:
            - nodejs24
            - skopeo
        tools:
            - cosign
            - gh
            - golangci-lint
            - goreleaser
            - govulncheck
            - helmv3
            - helmv4
            - kubectl1.28
            - kubectl1.29
            - kubectl1.30
            - kubectl1.31
            - kubectl1.32
            - kubectl1.33
            - kubectl1.34
            - kubectl1.35
            - kubectl1.36
            - kuberlr
            - oras
            - slsactl
            - yq
        aliases:
            helm_v3: helmv3
        family_selectors:
            helm: helmv4
            kubectl: kubectl1.36
        go_version: 1.25.14
        description: CI image with Go 1.25 toolchain
    go1.26:
        base: registry.suse.com/bci/golang:1.26.7@sha256:fa2dced84848f4e961e22f2b7d353d5df29fccba96c7b68c56b1bf495ac5dea1
        platforms:
            - linux/amd64
            - linux/arm64
        packages:
            - nodejs24
            - skopeo
        tools:
            - cosign
            - gh
            - golangci-lint
            - goreleaser
            - govulncheck
            - helmv3
            - helmv4
            - kubectl1.28
            - kubectl1.29
            - kubectl1.30
            - kubectl1.31
            - kubectl1.32
            - kubectl1.33
            - kubectl1.34
            - kubectl1.35
            - kubectl1.36
            - kuberlr
            - oras
            - slsactl
            - yq
        aliases:
            helm_v3: helmv3
        family_selectors:
            helm: helmv4
            kubectl: kubectl1.36
        go_version: 1.26.7
        description: CI image with Go 1.26 toolchain
    nix:
        base: registry.suse.com/bci/bci-base:15.7@sha256:b03880998771ffd522e8808bc01a31098378f82e7c4552273e336de3742109f0
        platforms:
            - linux/amd64
            - linux/arm64
        packages:
            - sudo
            - vim
        tools:
            - cosign
            - gh
            - helmv3
            - helmv4
            - nix
            - slsactl
            - yq
        family_selectors:
            helm: helmv4
        description: Nix environment
    node22:
        base: registry.suse.com/bci/nodejs:22.23.2@sha256:a20680c712c8947505abe476fd34240ec7ed82c06960969b411578c99288f958
        platforms:
            - linux/amd64
            - linux/arm64
        tools:
            - cosign
            - gh
            - helmv3
            - helmv4
            - slsactl
            - yq
        family_selectors:
            helm: helmv4
        description: CI image with Node 22 toolchain
    node24:
        base: registry.suse.com/bci/nodejs:24@sha256:e4fe885ee5400ebce17ad4ea52e447a332fbbcab24eeeb99e2ece94155a98a86
        platforms:
            - linux/amd64
            - linux/arm64
        tools:
            - cosign
            - gh
            - helmv3
            - helmv4
            - slsactl
            - yq
        family_selectors:
            helm: helmv4
        description: CI image with Node 24 toolchain
    python3.11:
        base: registry.suse.com/bci/python:3.11.15@sha256:1d0fab3132229af7a9cad3d9be1f7f4e1fc49827cbf713447c4d44d1d54adf96
        platforms:
            - linux/amd64
            - linux/arm64
        tools:
            - cosign
            - gh
            - helmv3
            - helmv4
            - slsactl
            - yq
        family_selectors:
            helm: helmv4
        description: CI image with Python 3.11 toolchain
    python3.13:
        base: registry.suse.com/bci/python:3.13.14@sha256:d9861b1ac8e1029e9fc10198e61a88c7caf871910a2c57e236007d6edbb7ae16
        platforms:
            - linux/amd64
            - linux/arm64
        tools:
            - cosign
            - gh
            - helmv3
            - helmv4
            - slsactl
            - yq
        family_selectors:
            helm: helmv4
        description: CI image with Python 3.13 toolchain
