# images-lock.yaml — compiled image index generated by 'generate'.
# Records the active image names, universal packages, tool versions, and
# per-image configuration (base, platforms, image-specific packages, tools, aliases).
# Do not edit manually.
images:
    - go1.25
    - go1.26
    - python3.11
    - python3.13
    - node22
    - node24
    - charts
    - nix
packages:
    - gettext-runtime
    - ca-certificates
    - docker
    - gawk
    - git-core
    - gzip
    - jq
    - make
    - tar
    - unzip
    - zstd
    - wget
tools:
    charts-build-scripts: v1.9.26
    cosign: v3.1.2
    gh: v2.96.0
    golangci-lint: v2.11.4
    goreleaser: v2.15.2
    govulncheck: v1.2.0
    helmv3: v3.21.3
    helmv4: v4.1.4
    kubectl1.28: v1.28.15
    kubectl1.29: v1.29.10
    kubectl1.30: v1.30.6
    kubectl1.31: v1.31.2
    kuberlr: v0.7.0
    nix: 2.34.7
    ob-charts-tool: v0.6.1
    oras: v1.3.1
    slsactl: v0.1.30
    yq: v4.53.2
selectors:
    - helm
    - kubectl
scripts:
    ci-env-init:
        name: ci-env-init.sh
        checksum: b0df06214d9dcadb85ac433b2d285294
    ci-select:
        name: ci-select.sh
        checksum: 414dbb7ab4fb6d6224ed240f91dfb291
    select-helm:
        name: select-helm.sh
        checksum: 34decfcb65283e1e38e208eaa8de987f
    select-kubectl:
        name: select-kubectl.sh
        checksum: bd442fc901bfcb83e29efe41465813c5
hooks:
    nix:
        pre:
            name: nix-pre.tmpl
            checksum: 523b5a96366cae6a5ebe5f64d7df43b3
        post:
            name: nix-post.tmpl
            checksum: 3cc315f4364a4bdc66ae08273ab09270
configs:
    charts:
        base: registry.suse.com/bci/bci-base:15.7@sha256:f06ad8fea5a6913d36847602535637a3e6815683f2521e13c12895ced5c54251
        platforms:
            - linux/amd64
            - linux/arm64
        packages:
            - git
            - patch
        tools:
            - charts-build-scripts
            - cosign
            - gh
            - golangci-lint
            - goreleaser
            - helmv3
            - helmv4
            - kubectl1.28
            - kubectl1.29
            - kubectl1.30
            - kubectl1.31
            - kuberlr
            - ob-charts-tool
            - oras
            - slsactl
            - yq
        family_selectors:
            helm: helmv4
            kubectl: kubectl1.31
        description: Rancher charts build environment
    go1.25:
        base: registry.suse.com/bci/golang:1.25.12@sha256:cdea0e931e2ef55d368baa703630c9a48b195817b6ddafc51a89cda8331e97c4
        platforms:
            - linux/amd64
            - linux/arm64
        packages:
            - nodejs24
            - skopeo
        tools:
            - cosign
            - gh
            - golangci-lint
            - goreleaser
            - govulncheck
            - helmv3
            - helmv4
            - kubectl1.28
            - kubectl1.29
            - kubectl1.30
            - kubectl1.31
            - kuberlr
            - oras
            - slsactl
            - yq
        aliases:
            helm_v3: helmv3
        family_selectors:
            helm: helmv4
            kubectl: kubectl1.31
        go_version: 1.25.12
        description: CI image with Go 1.25 toolchain
    go1.26:
        base: registry.suse.com/bci/golang:1.26.5@sha256:36a442c253269e34cd72b201c0415889ee6705986444607ec6f727b7517c2695
        platforms:
            - linux/amd64
            - linux/arm64
        packages:
            - nodejs24
            - skopeo
        tools:
            - cosign
            - gh
            - golangci-lint
            - goreleaser
            - govulncheck
            - helmv3
            - helmv4
            - kubectl1.28
            - kubectl1.29
            - kubectl1.30
            - kubectl1.31
            - kuberlr
            - oras
            - slsactl
            - yq
        aliases:
            helm_v3: helmv3
        family_selectors:
            helm: helmv4
            kubectl: kubectl1.31
        go_version: 1.26.5
        description: CI image with Go 1.26 toolchain
    nix:
        base: registry.suse.com/bci/bci-base:15.7@sha256:f06ad8fea5a6913d36847602535637a3e6815683f2521e13c12895ced5c54251
        platforms:
            - linux/amd64
            - linux/arm64
        packages:
            - sudo
            - vim
        tools:
            - cosign
            - gh
            - helmv3
            - helmv4
            - nix
            - slsactl
            - yq
        family_selectors:
            helm: helmv4
        description: Nix environment
    node22:
        base: registry.suse.com/bci/nodejs:22.23.1@sha256:d855dcfe77030109cc602bf9e7425dc766a425929edbdba0f88351d59b8988a6
        platforms:
            - linux/amd64
            - linux/arm64
        tools:
            - cosign
            - gh
            - helmv3
            - helmv4
            - slsactl
            - yq
        family_selectors:
            helm: helmv4
        description: CI image with Node 22 toolchain
    node24:
        base: registry.suse.com/bci/nodejs:24@sha256:94e0f8a2872ca5befff5723fe86c340103502132bcef17452ab00b3584ddb1b6
        platforms:
            - linux/amd64
            - linux/arm64
        tools:
            - cosign
            - gh
            - helmv3
            - helmv4
            - slsactl
            - yq
        family_selectors:
            helm: helmv4
        description: CI image with Node 24 toolchain
    python3.11:
        base: registry.suse.com/bci/python:3.11.15@sha256:d717fe2d50a890714276790f44cf577878cba8434dc776e75ce062798e25399c
        platforms:
            - linux/amd64
            - linux/arm64
        tools:
            - cosign
            - gh
            - helmv3
            - helmv4
            - slsactl
            - yq
        family_selectors:
            helm: helmv4
        description: CI image with Python 3.11 toolchain
    python3.13:
        base: registry.suse.com/bci/python:3.13.13@sha256:7d36dd3ba6596fb690e31d956952059fd010604ad6309f06462c02c4c9c01461
        platforms:
            - linux/amd64
            - linux/arm64
        tools:
            - cosign
            - gh
            - helmv3
            - helmv4
            - slsactl
            - yq
        family_selectors:
            helm: helmv4
        description: CI image with Python 3.13 toolchain
